// !$*UTF8*$!
{
	archiveVersion = 1;
	classes = {
	};
	objectVersion = 56;
	objects = {

/* Begin PBXBuildFile section */
		85C175732981F53B00211D9D /* AppDelegate.swift in Sources */ = {isa = PBXBuildFile; fileRef = 85C175722981F53B00211D9D /* AppDelegate.swift */; };
		85C175752981F53B00211D9D /* GameScene.sks in Resources */ = {isa = PBXBuildFile; fileRef = 85C175742981F53B00211D9D /* GameScene.sks */; };
		85C175792981F53B00211D9D /* GameScene.swift in Sources */ = {isa = PBXBuildFile; fileRef = 85C175782981F53B00211D9D /* GameScene.swift */; };
		85C1757B2981F53B00211D9D /* GameViewController.swift in Sources */ = {isa = PBXBuildFile; fileRef = 85C1757A2981F53B00211D9D /* GameViewController.swift */; };
		85C1757E2981F53B00211D9D /* Main.storyboard in Resources */ = {isa = PBXBuildFile; fileRef = 85C1757C2981F53B00211D9D /* Main.storyboard */; };
		85C175802981F53C00211D9D /* Assets.xcassets in Resources */ = {isa = PBXBuildFile; fileRef = 85C1757F2981F53C00211D9D /* Assets.xcassets */; };
		85C175832981F53C00211D9D /* LaunchScreen.storyboard in Resources */ = {isa = PBXBuildFile; fileRef = 85C175812981F53C00211D9D /* LaunchScreen.storyboard */; };
		85C175C42981F56D00211D9D /* bullet.png in Resources */ = {isa = PBXBuildFile; fileRef = 85C1758B2981F56D00211D9D /* bullet.png */; };
		85C175C52981F56D00211D9D /* plane3.png in Resources */ = {isa = PBXBuildFile; fileRef = 85C1758C2981F56D00211D9D /* plane3.png */; };
		85C175C62981F56D00211D9D /* plane2.png in Resources */ = {isa = PBXBuildFile; fileRef = 85C1758D2981F56D00211D9D /* plane2.png */; };
		85C175C72981F56D00211D9D /* plane1.png in Resources */ = {isa = PBXBuildFile; fileRef = 85C1758E2981F56D00211D9D /* plane1.png */; };
		85C175C82981F56D00211D9D /* backButton.png in Resources */ = {isa = PBXBuildFile; fileRef = 85C1758F2981F56D00211D9D /* backButton.png */; };
		85C175C92981F56D00211D9D /* plane.png in Resources */ = {isa = PBXBuildFile; fileRef = 85C175902981F56D00211D9D /* plane.png */; };
		85C175CA2981F56D00211D9D /* island.png in Resources */ = {isa = PBXBuildFile; fileRef = 85C175912981F56D00211D9D /* island.png */; };
		85C175CB2981F56D00211D9D /* planeflash2.png in Resources */ = {isa = PBXBuildFile; fileRef = 85C175922981F56D00211D9D /* planeflash2.png */; };
		85C175CC2981F56D00211D9D /* clickMeButton.png in Resources */ = {isa = PBXBuildFile; fileRef = 85C175932981F56D00211D9D /* clickMeButton.png */; };
		85C175CD2981F56D00211D9D /* planeflash1.png in Resources */ = {isa = PBXBuildFile; fileRef = 85C175942981F56D00211D9D /* planeflash1.png */; };
		85C175CE2981F56D00211D9D /* ocean.gif in Resources */ = {isa = PBXBuildFile; fileRef = 85C175952981F56D00211D9D /* ocean.gif */; };
		85C175CF2981F56D00211D9D /* coin08.png in Resources */ = {isa = PBXBuildFile; fileRef = 85C175962981F56D00211D9D /* coin08.png */; };
		85C175D02981F56D00211D9D /* coin09.png in Resources */ = {isa = PBXBuildFile; fileRef = 85C175972981F56D00211D9D /* coin09.png */; };
		85C175D12981F56D00211D9D /* restartButton.png in Resources */ = {isa = PBXBuildFile; fileRef = 85C175982981F56D00211D9D /* restartButton.png */; };
		85C175D22981F56D00211D9D /* coin10.png in Resources */ = {isa = PBXBuildFile; fileRef = 85C175992981F56D00211D9D /* coin10.png */; };
		85C175D32981F56D00211D9D /* coin04.png in Resources */ = {isa = PBXBuildFile; fileRef = 85C1759A2981F56D00211D9D /* coin04.png */; };
		85C175D42981F56D00211D9D /* smallexplosion4.png in Resources */ = {isa = PBXBuildFile; fileRef = 85C1759B2981F56D00211D9D /* smallexplosion4.png */; };
		85C175D52981F56D00211D9D /* smallexplosion5.png in Resources */ = {isa = PBXBuildFile; fileRef = 85C1759C2981F56D00211D9D /* smallexplosion5.png */; };
		85C175D62981F56D00211D9D /* coin05.png in Resources */ = {isa = PBXBuildFile; fileRef = 85C1759D2981F56D00211D9D /* coin05.png */; };
		85C175D72981F56D00211D9D /* coin07.png in Resources */ = {isa = PBXBuildFile; fileRef = 85C1759E2981F56D00211D9D /* coin07.png */; };
		85C175D82981F56D00211D9D /* smallexplosion6.png in Resources */ = {isa = PBXBuildFile; fileRef = 85C1759F2981F56D00211D9D /* smallexplosion6.png */; };
		85C175D92981F56D00211D9D /* coin06.png in Resources */ = {isa = PBXBuildFile; fileRef = 85C175A02981F56D00211D9D /* coin06.png */; };
		85C175DA2981F56D00211D9D /* cloud.png in Resources */ = {isa = PBXBuildFile; fileRef = 85C175A12981F56D00211D9D /* cloud.png */; };
		85C175DB2981F56D00211D9D /* coin02.png in Resources */ = {isa = PBXBuildFile; fileRef = 85C175A22981F56D00211D9D /* coin02.png */; };
		85C175DC2981F56D00211D9D /* smallexplosion2.png in Resources */ = {isa = PBXBuildFile; fileRef = 85C175A32981F56D00211D9D /* smallexplosion2.png */; };
		85C175DD2981F56D00211D9D /* smallexplosion3.png in Resources */ = {isa = PBXBuildFile; fileRef = 85C175A42981F56D00211D9D /* smallexplosion3.png */; };
		85C175DE2981F56D00211D9D /* coin03.png in Resources */ = {isa = PBXBuildFile; fileRef = 85C175A52981F56D00211D9D /* coin03.png */; };
		85C175DF2981F56D00211D9D /* coin01.png in Resources */ = {isa = PBXBuildFile; fileRef = 85C175A62981F56D00211D9D /* coin01.png */; };
		85C175E02981F56D00211D9D /* smallexplosion1.png in Resources */ = {isa = PBXBuildFile; fileRef = 85C175A72981F56D00211D9D /* smallexplosion1.png */; };
		85C175E12981F56D00211D9D /* nextButton.png in Resources */ = {isa = PBXBuildFile; fileRef = 85C175A82981F56D00211D9D /* nextButton.png */; };
		85C175E22981F56D00211D9D /* explosion1.png in Resources */ = {isa = PBXBuildFile; fileRef = 85C175A92981F56D00211D9D /* explosion1.png */; };
		85C175E32981F56D00211D9D /* enemy1.png in Resources */ = {isa = PBXBuildFile; fileRef = 85C175AA2981F56D00211D9D /* enemy1.png */; };
		85C175E42981F56D00211D9D /* explosion2.png in Resources */ = {isa = PBXBuildFile; fileRef = 85C175AB2981F56D00211D9D /* explosion2.png */; };
		85C175E52981F56D00211D9D /* enemy3.png in Resources */ = {isa = PBXBuildFile; fileRef = 85C175AC2981F56D00211D9D /* enemy3.png */; };
		85C175E62981F56D00211D9D /* enemy2.png in Resources */ = {isa = PBXBuildFile; fileRef = 85C175AD2981F56D00211D9D /* enemy2.png */; };
		85C175E72981F56D00211D9D /* explosion3.png in Resources */ = {isa = PBXBuildFile; fileRef = 85C175AE2981F56D00211D9D /* explosion3.png */; };
		85C175E82981F56D00211D9D /* explosion7.png in Resources */ = {isa = PBXBuildFile; fileRef = 85C175AF2981F56D00211D9D /* explosion7.png */; };
		85C175E92981F56D00211D9D /* startButton.png in Resources */ = {isa = PBXBuildFile; fileRef = 85C175B02981F56D00211D9D /* startButton.png */; };
		85C175EA2981F56D00211D9D /* explosion6.png in Resources */ = {isa = PBXBuildFile; fileRef = 85C175B12981F56D00211D9D /* explosion6.png */; };
		85C175EB2981F56D00211D9D /* explosion4.png in Resources */ = {isa = PBXBuildFile; fileRef = 85C175B22981F56D00211D9D /* explosion4.png */; };
		85C175EC2981F56D00211D9D /* explosion5.png in Resources */ = {isa = PBXBuildFile; fileRef = 85C175B32981F56D00211D9D /* explosion5.png */; };
		85C175ED2981F56D00211D9D /* life.wav in Resources */ = {isa = PBXBuildFile; fileRef = 85C175B52981F56D00211D9D /* life.wav */; };
		85C175EE2981F56D00211D9D /* explosion.mp3 in Resources */ = {isa = PBXBuildFile; fileRef = 85C175B62981F56D00211D9D /* explosion.mp3 */; };
		85C175EF2981F56D00211D9D /* thunder.ogg in Resources */ = {isa = PBXBuildFile; fileRef = 85C175B72981F56D00211D9D /* thunder.ogg */; };
		85C175F02981F56D00211D9D /* yay.ogg in Resources */ = {isa = PBXBuildFile; fileRef = 85C175B82981F56D00211D9D /* yay.ogg */; };
		85C175F12981F56D00211D9D /* engine.ogg in Resources */ = {isa = PBXBuildFile; fileRef = 85C175B92981F56D00211D9D /* engine.ogg */; };
		85C175F22981F56D00211D9D /* coin.wav in Resources */ = {isa = PBXBuildFile; fileRef = 85C175BA2981F56D00211D9D /* coin.wav */; };
		85C175F32981F56D00211D9D /* bullet.mp3 in Resources */ = {isa = PBXBuildFile; fileRef = 85C175BB2981F56D00211D9D /* bullet.mp3 */; };
		85C175F42981F56D00211D9D /* textureAtlas.png in Resources */ = {isa = PBXBuildFile; fileRef = 85C175BD2981F56D00211D9D /* textureAtlas.png */; };
		85C175F52981F56D00211D9D /* textureAtlas.json in Resources */ = {isa = PBXBuildFile; fileRef = 85C175BE2981F56D00211D9D /* textureAtlas.json */; };
		85C175F62981F56D00211D9D /* MailPilotDemoProject.tps in Resources */ = {isa = PBXBuildFile; fileRef = 85C175BF2981F56D00211D9D /* MailPilotDemoProject.tps */; };
		85C175F72981F56D00211D9D /* dock51.woff in Resources */ = {isa = PBXBuildFile; fileRef = 85C175C12981F56D00211D9D /* dock51.woff */; };
		85C175F82981F56D00211D9D /* dock51.woff2 in Resources */ = {isa = PBXBuildFile; fileRef = 85C175C22981F56D00211D9D /* dock51.woff2 */; };
		85C175F92981F56D00211D9D /* Dock51.ttf in Resources */ = {isa = PBXBuildFile; fileRef = 85C175C32981F56D00211D9D /* Dock51.ttf */; };
		85C176002981F58100211D9D /* Ocean.swift in Sources */ = {isa = PBXBuildFile; fileRef = 85C175FB2981F58100211D9D /* Ocean.swift */; };
		85C176012981F58100211D9D /* Player.swift in Sources */ = {isa = PBXBuildFile; fileRef = 85C175FC2981F58100211D9D /* Player.swift */; };
		85C176022981F58100211D9D /* GameProtocol.swift in Sources */ = {isa = PBXBuildFile; fileRef = 85C175FE2981F58100211D9D /* GameProtocol.swift */; };
		85C176032981F58100211D9D /* GameObject.swift in Sources */ = {isa = PBXBuildFile; fileRef = 85C175FF2981F58100211D9D /* GameObject.swift */; };
		85C176052981FCF400211D9D /* Island.swift in Sources */ = {isa = PBXBuildFile; fileRef = 85C176042981FCF400211D9D /* Island.swift */; };
		85C176072981FDEE00211D9D /* Layer.swift in Sources */ = {isa = PBXBuildFile; fileRef = 85C176062981FDEE00211D9D /* Layer.swift */; };
		85C176092982014200211D9D /* Cloud.swift in Sources */ = {isa = PBXBuildFile; fileRef = 85C176082982014200211D9D /* Cloud.swift */; };
/* End PBXBuildFile section */

/* Begin PBXFileReference section */
		85C1756F2981F53B00211D9D /* MAPD724-W2023-ICE 2.app */ = {isa = PBXFileReference; explicitFileType = wrapper.application; includeInIndex = 0; path = "MAPD724-W2023-ICE 2.app"; sourceTree = BUILT_PRODUCTS_DIR; };
		85C175722981F53B00211D9D /* AppDelegate.swift */ = {isa = PBXFileReference; lastKnownFileType = sourcecode.swift; path = AppDelegate.swift; sourceTree = "<group>"; };
		85C175742981F53B00211D9D /* GameScene.sks */ = {isa = PBXFileReference; lastKnownFileType = file.sks; path = GameScene.sks; sourceTree = "<group>"; };
		85C175782981F53B00211D9D /* GameScene.swift */ = {isa = PBXFileReference; lastKnownFileType = sourcecode.swift; path = GameScene.swift; sourceTree = "<group>"; };
		85C1757A2981F53B00211D9D /* GameViewController.swift */ = {isa = PBXFileReference; lastKnownFileType = sourcecode.swift; path = GameViewController.swift; sourceTree = "<group>"; };
		85C1757D2981F53B00211D9D /* Base */ = {isa = PBXFileReference; lastKnownFileType = file.storyboard; name = Base; path = Base.lproj/Main.storyboard; sourceTree = "<group>"; };
		85C1757F2981F53C00211D9D /* Assets.xcassets */ = {isa = PBXFileReference; lastKnownFileType = folder.assetcatalog; path = Assets.xcassets; sourceTree = "<group>"; };
		85C175822981F53C00211D9D /* Base */ = {isa = PBXFileReference; lastKnownFileType = file.storyboard; name = Base; path = Base.lproj/LaunchScreen.storyboard; sourceTree = "<group>"; };
		85C1758B2981F56D00211D9D /* bullet.png */ = {isa = PBXFileReference; lastKnownFileType = image.png; path = bullet.png; sourceTree = "<group>"; };
		85C1758C2981F56D00211D9D /* plane3.png */ = {isa = PBXFileReference; lastKnownFileType = image.png; path = plane3.png; sourceTree = "<group>"; };
		85C1758D2981F56D00211D9D /* plane2.png */ = {isa = PBXFileReference; lastKnownFileType = image.png; path = plane2.png; sourceTree = "<group>"; };
		85C1758E2981F56D00211D9D /* plane1.png */ = {isa = PBXFileReference; lastKnownFileType = image.png; path = plane1.png; sourceTree = "<group>"; };
		85C1758F2981F56D00211D9D /* backButton.png */ = {isa = PBXFileReference; lastKnownFileType = image.png; path = backButton.png; sourceTree = "<group>"; };
		85C175902981F56D00211D9D /* plane.png */ = {isa = PBXFileReference; lastKnownFileType = image.png; path = plane.png; sourceTree = "<group>"; };
		85C175912981F56D00211D9D /* island.png */ = {isa = PBXFileReference; lastKnownFileType = image.png; path = island.png; sourceTree = "<group>"; };
		85C175922981F56D00211D9D /* planeflash2.png */ = {isa = PBXFileReference; lastKnownFileType = image.png; path = planeflash2.png; sourceTree = "<group>"; };
		85C175932981F56D00211D9D /* clickMeButton.png */ = {isa = PBXFileReference; lastKnownFileType = image.png; path = clickMeButton.png; sourceTree = "<group>"; };
		85C175942981F56D00211D9D /* planeflash1.png */ = {isa = PBXFileReference; lastKnownFileType = image.png; path = planeflash1.png; sourceTree = "<group>"; };
		85C175952981F56D00211D9D /* ocean.gif */ = {isa = PBXFileReference; lastKnownFileType = image.gif; path = ocean.gif; sourceTree = "<group>"; };
		85C175962981F56D00211D9D /* coin08.png */ = {isa = PBXFileReference; lastKnownFileType = image.png; path = coin08.png; sourceTree = "<group>"; };
		85C175972981F56D00211D9D /* coin09.png */ = {isa = PBXFileReference; lastKnownFileType = image.png; path = coin09.png; sourceTree = "<group>"; };
		85C175982981F56D00211D9D /* restartButton.png */ = {isa = PBXFileReference; lastKnownFileType = image.png; path = restartButton.png; sourceTree = "<group>"; };
		85C175992981F56D00211D9D /* coin10.png */ = {isa = PBXFileReference; lastKnownFileType = image.png; path = coin10.png; sourceTree = "<group>"; };
		85C1759A2981F56D00211D9D /* coin04.png */ = {isa = PBXFileReference; lastKnownFileType = image.png; path = coin04.png; sourceTree = "<group>"; };
		85C1759B2981F56D00211D9D /* smallexplosion4.png */ = {isa = PBXFileReference; lastKnownFileType = image.png; path = smallexplosion4.png; sourceTree = "<group>"; };
		85C1759C2981F56D00211D9D /* smallexplosion5.png */ = {isa = PBXFileReference; lastKnownFileType = image.png; path = smallexplosion5.png; sourceTree = "<group>"; };
		85C1759D2981F56D00211D9D /* coin05.png */ = {isa = PBXFileReference; lastKnownFileType = image.png; path = coin05.png; sourceTree = "<group>"; };
		85C1759E2981F56D00211D9D /* coin07.png */ = {isa = PBXFileReference; lastKnownFileType = image.png; path = coin07.png; sourceTree = "<group>"; };
		85C1759F2981F56D00211D9D /* smallexplosion6.png */ = {isa = PBXFileReference; lastKnownFileType = image.png; path = smallexplosion6.png; sourceTree = "<group>"; };
		85C175A02981F56D00211D9D /* coin06.png */ = {isa = PBXFileReference; lastKnownFileType = image.png; path = coin06.png; sourceTree = "<group>"; };
		85C175A12981F56D00211D9D /* cloud.png */ = {isa = PBXFileReference; lastKnownFileType = image.png; path = cloud.png; sourceTree = "<group>"; };
		85C175A22981F56D00211D9D /* coin02.png */ = {isa = PBXFileReference; lastKnownFileType = image.png; path = coin02.png; sourceTree = "<group>"; };
		85C175A32981F56D00211D9D /* smallexplosion2.png */ = {isa = PBXFileReference; lastKnownFileType = image.png; path = smallexplosion2.png; sourceTree = "<group>"; };
		85C175A42981F56D00211D9D /* smallexplosion3.png */ = {isa = PBXFileReference; lastKnownFileType = image.png; path = smallexplosion3.png; sourceTree = "<group>"; };
		85C175A52981F56D00211D9D /* coin03.png */ = {isa = PBXFileReference; lastKnownFileType = image.png; path = coin03.png; sourceTree = "<group>"; };
		85C175A62981F56D00211D9D /* coin01.png */ = {isa = PBXFileReference; lastKnownFileType = image.png; path = coin01.png; sourceTree = "<group>"; };
		85C175A72981F56D00211D9D /* smallexplosion1.png */ = {isa = PBXFileReference; lastKnownFileType = image.png; path = smallexplosion1.png; sourceTree = "<group>"; };
		85C175A82981F56D00211D9D /* nextButton.png */ = {isa = PBXFileReference; lastKnownFileType = image.png; path = nextButton.png; sourceTree = "<group>"; };
		85C175A92981F56D00211D9D /* explosion1.png */ = {isa = PBXFileReference; lastKnownFileType = image.png; path = explosion1.png; sourceTree = "<group>"; };
		85C175AA2981F56D00211D9D /* enemy1.png */ = {isa = PBXFileReference; lastKnownFileType = image.png; path = enemy1.png; sourceTree = "<group>"; };
		85C175AB2981F56D00211D9D /* explosion2.png */ = {isa = PBXFileReference; lastKnownFileType = image.png; path = explosion2.png; sourceTree = "<group>"; };
		85C175AC2981F56D00211D9D /* enemy3.png */ = {isa = PBXFileReference; lastKnownFileType = image.png; path = enemy3.png; sourceTree = "<group>"; };
		85C175AD2981F56D00211D9D /* enemy2.png */ = {isa = PBXFileReference; lastKnownFileType = image.png; path = enemy2.png; sourceTree = "<group>"; };
		85C175AE2981F56D00211D9D /* explosion3.png */ = {isa = PBXFileReference; lastKnownFileType = image.png; path = explosion3.png; sourceTree = "<group>"; };
		85C175AF2981F56D00211D9D /* explosion7.png */ = {isa = PBXFileReference; lastKnownFileType = image.png; path = explosion7.png; sourceTree = "<group>"; };
		85C175B02981F56D00211D9D /* startButton.png */ = {isa = PBXFileReference; lastKnownFileType = image.png; path = startButton.png; sourceTree = "<group>"; };
		85C175B12981F56D00211D9D /* explosion6.png */ = {isa = PBXFileReference; lastKnownFileType = image.png; path = explosion6.png; sourceTree = "<group>"; };
		85C175B22981F56D00211D9D /* explosion4.png */ = {isa = PBXFileReference; lastKnownFileType = image.png; path = explosion4.png; sourceTree = "<group>"; };
		85C175B32981F56D00211D9D /* explosion5.png */ = {isa = PBXFileReference; lastKnownFileType = image.png; path = explosion5.png; sourceTree = "<group>"; };
		85C175B52981F56D00211D9D /* life.wav */ = {isa = PBXFileReference; lastKnownFileType = audio.wav; path = life.wav; sourceTree = "<group>"; };
		85C175B62981F56D00211D9D /* explosion.mp3 */ = {isa = PBXFileReference; lastKnownFileType = audio.mp3; path = explosion.mp3; sourceTree = "<group>"; };
		85C175B72981F56D00211D9D /* thunder.ogg */ = {isa = PBXFileReference; lastKnownFileType = file; path = thunder.ogg; sourceTree = "<group>"; };
		85C175B82981F56D00211D9D /* yay.ogg */ = {isa = PBXFileReference; lastKnownFileType = file; path = yay.ogg; sourceTree = "<group>"; };
		85C175B92981F56D00211D9D /* engine.ogg */ = {isa = PBXFileReference; lastKnownFileType = file; path = engine.ogg; sourceTree = "<group>"; };
		85C175BA2981F56D00211D9D /* coin.wav */ = {isa = PBXFileReference; lastKnownFileType = audio.wav; path = coin.wav; sourceTree = "<group>"; };
		85C175BB2981F56D00211D9D /* bullet.mp3 */ = {isa = PBXFileReference; lastKnownFileType = audio.mp3; path = bullet.mp3; sourceTree = "<group>"; };
		85C175BD2981F56D00211D9D /* textureAtlas.png */ = {isa = PBXFileReference; lastKnownFileType = image.png; path = textureAtlas.png; sourceTree = "<group>"; };
		85C175BE2981F56D00211D9D /* textureAtlas.json */ = {isa = PBXFileReference; fileEncoding = 4; lastKnownFileType = text.json; path = textureAtlas.json; sourceTree = "<group>"; };
		85C175BF2981F56D00211D9D /* MailPilotDemoProject.tps */ = {isa = PBXFileReference; fileEncoding = 4; lastKnownFileType = text.xml; path = MailPilotDemoProject.tps; sourceTree = "<group>"; };
		85C175C12981F56D00211D9D /* dock51.woff */ = {isa = PBXFileReference; lastKnownFileType = file; path = dock51.woff; sourceTree = "<group>"; };
		85C175C22981F56D00211D9D /* dock51.woff2 */ = {isa = PBXFileReference; lastKnownFileType = file; path = dock51.woff2; sourceTree = "<group>"; };
		85C175C32981F56D00211D9D /* Dock51.ttf */ = {isa = PBXFileReference; lastKnownFileType = file; path = Dock51.ttf; sourceTree = "<group>"; };
		85C175FB2981F58100211D9D /* Ocean.swift */ = {isa = PBXFileReference; fileEncoding = 4; lastKnownFileType = sourcecode.swift; path = Ocean.swift; sourceTree = "<group>"; };
		85C175FC2981F58100211D9D /* Player.swift */ = {isa = PBXFileReference; fileEncoding = 4; lastKnownFileType = sourcecode.swift; path = Player.swift; sourceTree = "<group>"; };
		85C175FE2981F58100211D9D /* GameProtocol.swift */ = {isa = PBXFileReference; fileEncoding = 4; lastKnownFileType = sourcecode.swift; path = GameProtocol.swift; sourceTree = "<group>"; };
		85C175FF2981F58100211D9D /* GameObject.swift */ = {isa = PBXFileReference; fileEncoding = 4; lastKnownFileType = sourcecode.swift; path = GameObject.swift; sourceTree = "<group>"; };
		85C176042981FCF400211D9D /* Island.swift */ = {isa = PBXFileReference; lastKnownFileType = sourcecode.swift; path = Island.swift; sourceTree = "<group>"; };
		85C176062981FDEE00211D9D /* Layer.swift */ = {isa = PBXFileReference; lastKnownFileType = sourcecode.swift; path = Layer.swift; sourceTree = "<group>"; };
		85C176082982014200211D9D /* Cloud.swift */ = {isa = PBXFileReference; lastKnownFileType = sourcecode.swift; path = Cloud.swift; sourceTree = "<group>"; };
/* End PBXFileReference section */

/* Begin PBXFrameworksBuildPhase section */
		85C1756C2981F53B00211D9D /* Frameworks */ = {
			isa = PBXFrameworksBuildPhase;
			buildActionMask = 2147483647;
			files = (
			);
			runOnlyForDeploymentPostprocessing = 0;
		};
/* End PBXFrameworksBuildPhase section */

/* Begin PBXGroup section */
		85C175662981F53B00211D9D = {
			isa = PBXGroup;
			children = (
				85C175712981F53B00211D9D /* MAPD724-W2023-ICE 2 */,
				85C175702981F53B00211D9D /* Products */,
			);
			sourceTree = "<group>";
		};
		85C175702981F53B00211D9D /* Products */ = {
			isa = PBXGroup;
			children = (
				85C1756F2981F53B00211D9D /* MAPD724-W2023-ICE 2.app */,
			);
			name = Products;
			sourceTree = "<group>";
		};
		85C175712981F53B00211D9D /* MAPD724-W2023-ICE 2 */ = {
			isa = PBXGroup;
			children = (
				85C175FD2981F58100211D9D /* Core */,
				85C175FA2981F58100211D9D /* GameObjects */,
				85C175892981F56D00211D9D /* Assets */,
				85C175722981F53B00211D9D /* AppDelegate.swift */,
				85C175742981F53B00211D9D /* GameScene.sks */,
				85C175782981F53B00211D9D /* GameScene.swift */,
				85C1757A2981F53B00211D9D /* GameViewController.swift */,
				85C1757C2981F53B00211D9D /* Main.storyboard */,
				85C1757F2981F53C00211D9D /* Assets.xcassets */,
				85C175812981F53C00211D9D /* LaunchScreen.storyboard */,
			);
			path = "MAPD724-W2023-ICE 2";
			sourceTree = "<group>";
		};
		85C175892981F56D00211D9D /* Assets */ = {
			isa = PBXGroup;
			children = (
				85C1758A2981F56D00211D9D /* images */,
				85C175B42981F56D00211D9D /* audio */,
				85C175BC2981F56D00211D9D /* sprites */,
				85C175C02981F56D00211D9D /* fonts */,
			);
			path = Assets;
			sourceTree = "<group>";
		};
		85C1758A2981F56D00211D9D /* images */ = {
			isa = PBXGroup;
			children = (
				85C1758B2981F56D00211D9D /* bullet.png */,
				85C1758C2981F56D00211D9D /* plane3.png */,
				85C1758D2981F56D00211D9D /* plane2.png */,
				85C1758E2981F56D00211D9D /* plane1.png */,
				85C1758F2981F56D00211D9D /* backButton.png */,
				85C175902981F56D00211D9D /* plane.png */,
				85C175912981F56D00211D9D /* island.png */,
				85C175922981F56D00211D9D /* planeflash2.png */,
				85C175932981F56D00211D9D /* clickMeButton.png */,
				85C175942981F56D00211D9D /* planeflash1.png */,
				85C175952981F56D00211D9D /* ocean.gif */,
				85C175962981F56D00211D9D /* coin08.png */,
				85C175972981F56D00211D9D /* coin09.png */,
				85C175982981F56D00211D9D /* restartButton.png */,
				85C175992981F56D00211D9D /* coin10.png */,
				85C1759A2981F56D00211D9D /* coin04.png */,
				85C1759B2981F56D00211D9D /* smallexplosion4.png */,
				85C1759C2981F56D00211D9D /* smallexplosion5.png */,
				85C1759D2981F56D00211D9D /* coin05.png */,
				85C1759E2981F56D00211D9D /* coin07.png */,
				85C1759F2981F56D00211D9D /* smallexplosion6.png */,
				85C175A02981F56D00211D9D /* coin06.png */,
				85C175A12981F56D00211D9D /* cloud.png */,
				85C175A22981F56D00211D9D /* coin02.png */,
				85C175A32981F56D00211D9D /* smallexplosion2.png */,
				85C175A42981F56D00211D9D /* smallexplosion3.png */,
				85C175A52981F56D00211D9D /* coin03.png */,
				85C175A62981F56D00211D9D /* coin01.png */,
				85C175A72981F56D00211D9D /* smallexplosion1.png */,
				85C175A82981F56D00211D9D /* nextButton.png */,
				85C175A92981F56D00211D9D /* explosion1.png */,
				85C175AA2981F56D00211D9D /* enemy1.png */,
				85C175AB2981F56D00211D9D /* explosion2.png */,
				85C175AC2981F56D00211D9D /* enemy3.png */,
				85C175AD2981F56D00211D9D /* enemy2.png */,
				85C175AE2981F56D00211D9D /* explosion3.png */,
				85C175AF2981F56D00211D9D /* explosion7.png */,
				85C175B02981F56D00211D9D /* startButton.png */,
				85C175B12981F56D00211D9D /* explosion6.png */,
				85C175B22981F56D00211D9D /* explosion4.png */,
				85C175B32981F56D00211D9D /* explosion5.png */,
			);
			path = images;
			sourceTree = "<group>";
		};
		85C175B42981F56D00211D9D /* audio */ = {
			isa = PBXGroup;
			children = (
				85C175B52981F56D00211D9D /* life.wav */,
				85C175B62981F56D00211D9D /* explosion.mp3 */,
				85C175B72981F56D00211D9D /* thunder.ogg */,
				85C175B82981F56D00211D9D /* yay.ogg */,
				85C175B92981F56D00211D9D /* engine.ogg */,
				85C175BA2981F56D00211D9D /* coin.wav */,
				85C175BB2981F56D00211D9D /* bullet.mp3 */,
			);
			path = audio;
			sourceTree = "<group>";
		};
		85C175BC2981F56D00211D9D /* sprites */ = {
			isa = PBXGroup;
			children = (
				85C175BD2981F56D00211D9D /* textureAtlas.png */,
				85C175BE2981F56D00211D9D /* textureAtlas.json */,
				85C175BF2981F56D00211D9D /* MailPilotDemoProject.tps */,
			);
			path = sprites;
			sourceTree = "<group>";
		};
		85C175C02981F56D00211D9D /* fonts */ = {
			isa = PBXGroup;
			children = (
				85C175C12981F56D00211D9D /* dock51.woff */,
				85C175C22981F56D00211D9D /* dock51.woff2 */,
				85C175C32981F56D00211D9D /* Dock51.ttf */,
			);
			path = fonts;
			sourceTree = "<group>";
		};
		85C175FA2981F58100211D9D /* GameObjects */ = {
			isa = PBXGroup;
			children = (
				85C175FB2981F58100211D9D /* Ocean.swift */,
				85C175FC2981F58100211D9D /* Player.swift */,
				85C176042981FCF400211D9D /* Island.swift */,
				85C176082982014200211D9D /* Cloud.swift */,
			);
			path = GameObjects;
			sourceTree = "<group>";
		};
		85C175FD2981F58100211D9D /* Core */ = {
			isa = PBXGroup;
			children = (
				85C175FE2981F58100211D9D /* GameProtocol.swift */,
				85C175FF2981F58100211D9D /* GameObject.swift */,
				85C176062981FDEE00211D9D /* Layer.swift */,
			);
			path = Core;
			sourceTree = "<group>";
		};
/* End PBXGroup section */

/* Begin PBXNativeTarget section */
		85C1756E2981F53B00211D9D /* MAPD724-W2023-ICE 2 */ = {
			isa = PBXNativeTarget;
			buildConfigurationList = 85C175862981F53C00211D9D /* Build configuration list for PBXNativeTarget "MAPD724-W2023-ICE 2" */;
			buildPhases = (
				85C1756B2981F53B00211D9D /* Sources */,
				85C1756C2981F53B00211D9D /* Frameworks */,
				85C1756D2981F53B00211D9D /* Resources */,
			);
			buildRules = (
			);
			dependencies = (
			);
			name = "MAPD724-W2023-ICE 2";
			productName = "MAPD724-W2023-ICE 2";
			productReference = 85C1756F2981F53B00211D9D /* MAPD724-W2023-ICE 2.app */;
			productType = "com.apple.product-type.application";
		};
/* End PBXNativeTarget section */

/* Begin PBXProject section */
		85C175672981F53B00211D9D /* Project object */ = {
			isa = PBXProject;
			attributes = {
				BuildIndependentTargetsInParallel = 1;
				LastSwiftUpdateCheck = 1410;
				LastUpgradeCheck = 1410;
				TargetAttributes = {
					85C1756E2981F53B00211D9D = {
						CreatedOnToolsVersion = 14.1;
					};
				};
			};
			buildConfigurationList = 85C1756A2981F53B00211D9D /* Build configuration list for PBXProject "MAPD724-W2023-ICE 2" */;
			compatibilityVersion = "Xcode 14.0";
			developmentRegion = en;
			hasScannedForEncodings = 0;
			knownRegions = (
				en,
				Base,
			);
			mainGroup = 85C175662981F53B00211D9D;
			productRefGroup = 85C175702981F53B00211D9D /* Products */;
			projectDirPath = "";
			projectRoot = "";
			targets = (
				85C1756E2981F53B00211D9D /* MAPD724-W2023-ICE 2 */,
			);
		};
/* End PBXProject section */

/* Begin PBXResourcesBuildPhase section */
		85C1756D2981F53B00211D9D /* Resources */ = {
			isa = PBXResourcesBuildPhase;
			buildActionMask = 2147483647;
			files = (
				85C175E42981F56D00211D9D /* explosion2.png in Resources */,
				85C175DA2981F56D00211D9D /* cloud.png in Resources */,
				85C1757E2981F53B00211D9D /* Main.storyboard in Resources */,
				85C175D02981F56D00211D9D /* coin09.png in Resources */,
				85C175CE2981F56D00211D9D /* ocean.gif in Resources */,
				85C175E32981F56D00211D9D /* enemy1.png in Resources */,
				85C175F82981F56D00211D9D /* dock51.woff2 in Resources */,
				85C175F92981F56D00211D9D /* Dock51.ttf in Resources */,
				85C175ED2981F56D00211D9D /* life.wav in Resources */,
				85C175E02981F56D00211D9D /* smallexplosion1.png in Resources */,
				85C175CA2981F56D00211D9D /* island.png in Resources */,
				85C175F22981F56D00211D9D /* coin.wav in Resources */,
				85C175D92981F56D00211D9D /* coin06.png in Resources */,
				85C175F52981F56D00211D9D /* textureAtlas.json in Resources */,
				85C175752981F53B00211D9D /* GameScene.sks in Resources */,
				85C175DF2981F56D00211D9D /* coin01.png in Resources */,
				85C175EA2981F56D00211D9D /* explosion6.png in Resources */,
				85C175C92981F56D00211D9D /* plane.png in Resources */,
				85C175D82981F56D00211D9D /* smallexplosion6.png in Resources */,
				85C175D62981F56D00211D9D /* coin05.png in Resources */,
				85C175F72981F56D00211D9D /* dock51.woff in Resources */,
				85C175E92981F56D00211D9D /* startButton.png in Resources */,
				85C175C52981F56D00211D9D /* plane3.png in Resources */,
				85C175E62981F56D00211D9D /* enemy2.png in Resources */,
				85C175F02981F56D00211D9D /* yay.ogg in Resources */,
				85C175DC2981F56D00211D9D /* smallexplosion2.png in Resources */,
				85C175F12981F56D00211D9D /* engine.ogg in Resources */,
				85C175E82981F56D00211D9D /* explosion7.png in Resources */,
				85C175C42981F56D00211D9D /* bullet.png in Resources */,
				85C175C82981F56D00211D9D /* backButton.png in Resources */,
				85C175E52981F56D00211D9D /* enemy3.png in Resources */,
				85C175802981F53C00211D9D /* Assets.xcassets in Resources */,
				85C175D32981F56D00211D9D /* coin04.png in Resources */,
				85C175D52981F56D00211D9D /* smallexplosion5.png in Resources */,
				85C175E22981F56D00211D9D /* explosion1.png in Resources */,
				85C175DB2981F56D00211D9D /* coin02.png in Resources */,
				85C175F32981F56D00211D9D /* bullet.mp3 in Resources */,
				85C175F42981F56D00211D9D /* textureAtlas.png in Resources */,
				85C175832981F53C00211D9D /* LaunchScreen.storyboard in Resources */,
				85C175DE2981F56D00211D9D /* coin03.png in Resources */,
				85C175DD2981F56D00211D9D /* smallexplosion3.png in Resources */,
				85C175EF2981F56D00211D9D /* thunder.ogg in Resources */,
				85C175C72981F56D00211D9D /* plane1.png in Resources */,
				85C175E72981F56D00211D9D /* explosion3.png in Resources */,
				85C175D42981F56D00211D9D /* smallexplosion4.png in Resources */,
				85C175EC2981F56D00211D9D /* explosion5.png in Resources */,
				85C175CC2981F56D00211D9D /* clickMeButton.png in Resources */,
				85C175D22981F56D00211D9D /* coin10.png in Resources */,
				85C175D12981F56D00211D9D /* restartButton.png in Resources */,
				85C175CD2981F56D00211D9D /* planeflash1.png in Resources */,
				85C175CB2981F56D00211D9D /* planeflash2.png in Resources */,
				85C175E12981F56D00211D9D /* nextButton.png in Resources */,
				85C175D72981F56D00211D9D /* coin07.png in Resources */,
				85C175F62981F56D00211D9D /* MailPilotDemoProject.tps in Resources */,
				85C175CF2981F56D00211D9D /* coin08.png in Resources */,
				85C175EE2981F56D00211D9D /* explosion.mp3 in Resources */,
				85C175EB2981F56D00211D9D /* explosion4.png in Resources */,
				85C175C62981F56D00211D9D /* plane2.png in Resources */,
			);
			runOnlyForDeploymentPostprocessing = 0;
		};
/* End PBXResourcesBuildPhase section */

/* Begin PBXSourcesBuildPhase section */
		85C1756B2981F53B00211D9D /* Sources */ = {
			isa = PBXSourcesBuildPhase;
			buildActionMask = 2147483647;
			files = (
				85C176002981F58100211D9D /* Ocean.swift in Sources */,
				85C175792981F53B00211D9D /* GameScene.swift in Sources */,
				85C176052981FCF400211D9D /* Island.swift in Sources */,
				85C176032981F58100211D9D /* GameObject.swift in Sources */,
				85C1757B2981F53B00211D9D /* GameViewController.swift in Sources */,
				85C176092982014200211D9D /* Cloud.swift in Sources */,
				85C176012981F58100211D9D /* Player.swift in Sources */,
				85C176072981FDEE00211D9D /* Layer.swift in Sources */,
				85C175732981F53B00211D9D /* AppDelegate.swift in Sources */,
				85C176022981F58100211D9D /* GameProtocol.swift in Sources */,
			);
			runOnlyForDeploymentPostprocessing = 0;
		};
/* End PBXSourcesBuildPhase section */

/* Begin PBXVariantGroup section */
		85C1757C2981F53B00211D9D /* Main.storyboard */ = {
			isa = PBXVariantGroup;
			children = (
				85C1757D2981F53B00211D9D /* Base */,
			);
			name = Main.storyboard;
			sourceTree = "<group>";
		};
		85C175812981F53C00211D9D /* LaunchScreen.storyboard */ = {
			isa = PBXVariantGroup;
			children = (
				85C175822981F53C00211D9D /* Base */,
			);
			name = LaunchScreen.storyboard;
			sourceTree = "<group>";
		};
/* End PBXVariantGroup section */

/* Begin XCBuildConfiguration section */
		85C175842981F53C00211D9D /* Debug */ = {
			isa = XCBuildConfiguration;
			buildSettings = {
				ALWAYS_SEARCH_USER_PATHS = NO;
				CLANG_ANALYZER_NONNULL = YES;
				CLANG_ANALYZER_NUMBER_OBJECT_CONVERSION = YES_AGGRESSIVE;
				CLANG_CXX_LANGUAGE_STANDARD = "gnu++20";
				CLANG_ENABLE_MODULES = YES;
				CLANG_ENABLE_OBJC_ARC = YES;
				CLANG_ENABLE_OBJC_WEAK = YES;
				CLANG_WARN_BLOCK_CAPTURE_AUTORELEASING = YES;
				CLANG_WARN_BOOL_CONVERSION = YES;
				CLANG_WARN_COMMA = YES;
				CLANG_WARN_CONSTANT_CONVERSION = YES;
				CLANG_WARN_DEPRECATED_OBJC_IMPLEMENTATIONS = YES;
				CLANG_WARN_DIRECT_OBJC_ISA_USAGE = YES_ERROR;
				CLANG_WARN_DOCUMENTATION_COMMENTS = YES;
				CLANG_WARN_EMPTY_BODY = YES;
				CLANG_WARN_ENUM_CONVERSION = YES;
				CLANG_WARN_INFINITE_RECURSION = YES;
				CLANG_WARN_INT_CONVERSION = YES;
				CLANG_WARN_NON_LITERAL_NULL_CONVERSION = YES;
				CLANG_WARN_OBJC_IMPLICIT_RETAIN_SELF = YES;
				CLANG_WARN_OBJC_LITERAL_CONVERSION = YES;
				CLANG_WARN_OBJC_ROOT_CLASS = YES_ERROR;
				CLANG_WARN_QUOTED_INCLUDE_IN_FRAMEWORK_HEADER = YES;
				CLANG_WARN_RANGE_LOOP_ANALYSIS = YES;
				CLANG_WARN_STRICT_PROTOTYPES = YES;
				CLANG_WARN_SUSPICIOUS_MOVE = YES;
				CLANG_WARN_UNGUARDED_AVAILABILITY = YES_AGGRESSIVE;
				CLANG_WARN_UNREACHABLE_CODE = YES;
				CLANG_WARN__DUPLICATE_METHOD_MATCH = YES;
				COPY_PHASE_STRIP = NO;
				DEBUG_INFORMATION_FORMAT = dwarf;
				ENABLE_STRICT_OBJC_MSGSEND = YES;
				ENABLE_TESTABILITY = YES;
				GCC_C_LANGUAGE_STANDARD = gnu11;
				GCC_DYNAMIC_NO_PIC = NO;
				GCC_NO_COMMON_BLOCKS = YES;
				GCC_OPTIMIZATION_LEVEL = 0;
				GCC_PREPROCESSOR_DEFINITIONS = (
					"DEBUG=1",
					"$(inherited)",
				);
				GCC_WARN_64_TO_32_BIT_CONVERSION = YES;
				GCC_WARN_ABOUT_RETURN_TYPE = YES_ERROR;
				GCC_WARN_UNDECLARED_SELECTOR = YES;
				GCC_WARN_UNINITIALIZED_AUTOS = YES_AGGRESSIVE;
				GCC_WARN_UNUSED_FUNCTION = YES;
				GCC_WARN_UNUSED_VARIABLE = YES;
				IPHONEOS_DEPLOYMENT_TARGET = 16.1;
				MTL_ENABLE_DEBUG_INFO = INCLUDE_SOURCE;
				MTL_FAST_MATH = YES;
				ONLY_ACTIVE_ARCH = YES;
				SDKROOT = iphoneos;
				SWIFT_ACTIVE_COMPILATION_CONDITIONS = DEBUG;
				SWIFT_OPTIMIZATION_LEVEL = "-Onone";
			};
			name = Debug;
		};
		85C175852981F53C00211D9D /* Release */ = {
			isa = XCBuildConfiguration;
			buildSettings = {
				ALWAYS_SEARCH_USER_PATHS = NO;
				CLANG_ANALYZER_NONNULL = YES;
				CLANG_ANALYZER_NUMBER_OBJECT_CONVERSION = YES_AGGRESSIVE;
				CLANG_CXX_LANGUAGE_STANDARD = "gnu++20";
				CLANG_ENABLE_MODULES = YES;
				CLANG_ENABLE_OBJC_ARC = YES;
				CLANG_ENABLE_OBJC_WEAK = YES;
				CLANG_WARN_BLOCK_CAPTURE_AUTORELEASING = YES;
				CLANG_WARN_BOOL_CONVERSION = YES;
				CLANG_WARN_COMMA = YES;
				CLANG_WARN_CONSTANT_CONVERSION = YES;
				CLANG_WARN_DEPRECATED_OBJC_IMPLEMENTATIONS = YES;
				CLANG_WARN_DIRECT_OBJC_ISA_USAGE = YES_ERROR;
				CLANG_WARN_DOCUMENTATION_COMMENTS = YES;
				CLANG_WARN_EMPTY_BODY = YES;
				CLANG_WARN_ENUM_CONVERSION = YES;
				CLANG_WARN_INFINITE_RECURSION = YES;
				CLANG_WARN_INT_CONVERSION = YES;
				CLANG_WARN_NON_LITERAL_NULL_CONVERSION = YES;
				CLANG_WARN_OBJC_IMPLICIT_RETAIN_SELF = YES;
				CLANG_WARN_OBJC_LITERAL_CONVERSION = YES;
				CLANG_WARN_OBJC_ROOT_CLASS = YES_ERROR;
				CLANG_WARN_QUOTED_INCLUDE_IN_FRAMEWORK_HEADER = YES;
				CLANG_WARN_RANGE_LOOP_ANALYSIS = YES;
				CLANG_WARN_STRICT_PROTOTYPES = YES;
				CLANG_WARN_SUSPICIOUS_MOVE = YES;
				CLANG_WARN_UNGUARDED_AVAILABILITY = YES_AGGRESSIVE;
				CLANG_WARN_UNREACHABLE_CODE = YES;
				CLANG_WARN__DUPLICATE_METHOD_MATCH = YES;
				COPY_PHASE_STRIP = NO;
				DEBUG_INFORMATION_FORMAT = "dwarf-with-dsym";
				ENABLE_NS_ASSERTIONS = NO;
				ENABLE_STRICT_OBJC_MSGSEND = YES;
				GCC_C_LANGUAGE_STANDARD = gnu11;
				GCC_NO_COMMON_BLOCKS = YES;
				GCC_WARN_64_TO_32_BIT_CONVERSION = YES;
				GCC_WARN_ABOUT_RETURN_TYPE = YES_ERROR;
				GCC_WARN_UNDECLARED_SELECTOR = YES;
				GCC_WARN_UNINITIALIZED_AUTOS = YES_AGGRESSIVE;
				GCC_WARN_UNUSED_FUNCTION = YES;
				GCC_WARN_UNUSED_VARIABLE = YES;
				IPHONEOS_DEPLOYMENT_TARGET = 16.1;
				MTL_ENABLE_DEBUG_INFO = NO;
				MTL_FAST_MATH = YES;
				SDKROOT = iphoneos;
				SWIFT_COMPILATION_MODE = wholemodule;
				SWIFT_OPTIMIZATION_LEVEL = "-O";
				VALIDATE_PRODUCT = YES;
			};
			name = Release;
		};
		85C175872981F53C00211D9D /* Debug */ = {
			isa = XCBuildConfiguration;
			buildSettings = {
				ASSETCATALOG_COMPILER_APPICON_NAME = AppIcon;
				ASSETCATALOG_COMPILER_GLOBAL_ACCENT_COLOR_NAME = AccentColor;
				CODE_SIGN_STYLE = Automatic;
				CURRENT_PROJECT_VERSION = 1;
				GENERATE_INFOPLIST_FILE = YES;
				INFOPLIST_KEY_UIApplicationSupportsIndirectInputEvents = YES;
				INFOPLIST_KEY_UILaunchStoryboardName = LaunchScreen;
				INFOPLIST_KEY_UIMainStoryboardFile = Main;
				INFOPLIST_KEY_UIStatusBarHidden = YES;
				INFOPLIST_KEY_UISupportedInterfaceOrientations_iPad = "UIInterfaceOrientationPortrait UIInterfaceOrientationPortraitUpsideDown UIInterfaceOrientationLandscapeLeft UIInterfaceOrientationLandscapeRight";
				INFOPLIST_KEY_UISupportedInterfaceOrientations_iPhone = "UIInterfaceOrientationPortrait UIInterfaceOrientationLandscapeLeft UIInterfaceOrientationLandscapeRight";
				LD_RUNPATH_SEARCH_PATHS = (
					"$(inherited)",
					"@executable_path/Frameworks",
				);
				MARKETING_VERSION = 1.0;
				PRODUCT_BUNDLE_IDENTIFIER = "ca.centennialcollege.MAPD724-W2023-ICE-2";
				PRODUCT_NAME = "$(TARGET_NAME)";
				SWIFT_EMIT_LOC_STRINGS = YES;
				SWIFT_VERSION = 5.0;
				TARGETED_DEVICE_FAMILY = "1,2";
			};
			name = Debug;
		};
		85C175882981F53C00211D9D /* Release */ = {
			isa = XCBuildConfiguration;
			buildSettings = {
				ASSETCATALOG_COMPILER_APPICON_NAME = AppIcon;
				ASSETCATALOG_COMPILER_GLOBAL_ACCENT_COLOR_NAME = AccentColor;
				CODE_SIGN_STYLE = Automatic;
				CURRENT_PROJECT_VERSION = 1;
				GENERATE_INFOPLIST_FILE = YES;
				INFOPLIST_KEY_UIApplicationSupportsIndirectInputEvents = YES;
				INFOPLIST_KEY_UILaunchStoryboardName = LaunchScreen;
				INFOPLIST_KEY_UIMainStoryboardFile = Main;
				INFOPLIST_KEY_UIStatusBarHidden = YES;
				INFOPLIST_KEY_UISupportedInterfaceOrientations_iPad = "UIInterfaceOrientationPortrait UIInterfaceOrientationPortraitUpsideDown UIInterfaceOrientationLandscapeLeft UIInterfaceOrientationLandscapeRight";
				INFOPLIST_KEY_UISupportedInterfaceOrientations_iPhone = "UIInterfaceOrientationPortrait UIInterfaceOrientationLandscapeLeft UIInterfaceOrientationLandscapeRight";
				LD_RUNPATH_SEARCH_PATHS = (
					"$(inherited)",
					"@executable_path/Frameworks",
				);
				MARKETING_VERSION = 1.0;
				PRODUCT_BUNDLE_IDENTIFIER = "ca.centennialcollege.MAPD724-W2023-ICE-2";
				PRODUCT_NAME = "$(TARGET_NAME)";
				SWIFT_EMIT_LOC_STRINGS = YES;
				SWIFT_VERSION = 5.0;
				TARGETED_DEVICE_FAMILY = "1,2";
			};
			name = Release;
		};
/* End XCBuildConfiguration section */

/* Begin XCConfigurationList section */
		85C1756A2981F53B00211D9D /* Build configuration list for PBXProject "MAPD724-W2023-ICE 2" */ = {
			isa = XCConfigurationList;
			buildConfigurations = (
				85C175842981F53C00211D9D /* Debug */,
				85C175852981F53C00211D9D /* Release */,
			);
			defaultConfigurationIsVisible = 0;
			defaultConfigurationName = Release;
		};
		85C175862981F53C00211D9D /* Build configuration list for PBXNativeTarget "MAPD724-W2023-ICE 2" */ = {
			isa = XCConfigurationList;
			buildConfigurations = (
				85C175872981F53C00211D9D /* Debug */,
				85C175882981F53C00211D9D /* Release */,
			);
			defaultConfigurationIsVisible = 0;
			defaultConfigurationName = Release;
		};
/* End XCConfigurationList section */
	};
	rootObject = 85C175672981F53B00211D9D /* Project object */;
}
